
Microsoft Visual Studio Solution File, Format Version 12.00
# Visual Studio Version 17
VisualStudioVersion = 17.1.32210.238
MinimumVisualStudioVersion = 10.0.40219.1
Project("{E53339B2-1760-4266-BCC7-CA923CBCF16C}") = "docker-compose", "docker-compose.dcproj", "{7C5EB45C-7E29-4732-93C1-398BA55E17D7}"
EndProject
Project("{2150E333-8FDC-42A3-9474-1A3956D46DE8}") = "UI", "UI", "{524DFD14-B366-4F07-A521-844EDB2435BD}"
EndProject
Project("{2150E333-8FDC-42A3-9474-1A3956D46DE8}") = "Services", "Services", "{FD86DBB4-B50C-4950-B73B-2A295F2AF667}"
EndProject
Project("{2150E333-8FDC-42A3-9474-1A3956D46DE8}") = "Data", "Data", "{E7BEBB17-23D1-4C44-B915-25D9C6D14E13}"
EndProject
Project("{2150E333-8FDC-42A3-9474-1A3956D46DE8}") = "Common", "Common", "{7B6CBE5D-E28D-4CB8-8C68-6E04CD9A4895}"
EndProject
Project("{2150E333-8FDC-42A3-9474-1A3956D46DE8}") = "Interface", "Interface", "{294B320C-E63F-4B39-AD29-5399067CF5D0}"
EndProject
Project("{9A19103F-16F7-4668-BE54-9A1E7A4F7556}") = "WebStore", "UI\WebStore\WebStore.csproj", "{C90CED0F-93B4-4360-8E62-65E2451ABF08}"
EndProject
Project("{9A19103F-16F7-4668-BE54-9A1E7A4F7556}") = "WebStore.DAL.Sqlite", "Data\WebStore.DAL.Sqlite\WebStore.DAL.Sqlite.csproj", "{94EB2E5F-08DC-43A2-A253-D4DF63EE3A6F}"
EndProject
Project("{9A19103F-16F7-4668-BE54-9A1E7A4F7556}") = "WebStore.DAL", "Data\WebStore.DAL\WebStore.DAL.csproj", "{011C5588-9558-4379-8F9C-54945985C5DC}"
EndProject
Project("{9A19103F-16F7-4668-BE54-9A1E7A4F7556}") = "WebStore.Domain", "Common\WebStore.Domain\WebStore.Domain.csproj", "{318F0426-FB01-4388-BCB5-BADA3E12A63F}"
EndProject
Project("{9A19103F-16F7-4668-BE54-9A1E7A4F7556}") = "WebStore.Interface", "Services\Interface\WebStore.Interface\WebStore.Interface.csproj", "{AFEDB0C5-CB01-4ED0-BD4D-777324B68A23}"
EndProject
Project("{9A19103F-16F7-4668-BE54-9A1E7A4F7556}") = "IoCFactory", "Services\IoCFactory\IoCFactory.csproj", "{9730C3FE-C779-4264-AE6A-CF1E72C5B6C7}"
EndProject
Project("{9A19103F-16F7-4668-BE54-9A1E7A4F7556}") = "WebStore.Realization", "Services\WebStore.Realization\WebStore.Realization.csproj", "{59D03DB0-9003-4718-BE72-218F41DCDE0A}"
EndProject
Global
	GlobalSection(SolutionConfigurationPlatforms) = preSolution
		Debug|Any CPU = Debug|Any CPU
		Release|Any CPU = Release|Any CPU
	EndGlobalSection
	GlobalSection(ProjectConfigurationPlatforms) = postSolution
		{7C5EB45C-7E29-4732-93C1-398BA55E17D7}.Debug|Any CPU.ActiveCfg = Debug|Any CPU
		{7C5EB45C-7E29-4732-93C1-398BA55E17D7}.Debug|Any CPU.Build.0 = Debug|Any CPU
		{7C5EB45C-7E29-4732-93C1-398BA55E17D7}.Release|Any CPU.ActiveCfg = Release|Any CPU
		{7C5EB45C-7E29-4732-93C1-398BA55E17D7}.Release|Any CPU.Build.0 = Release|Any CPU
		{C90CED0F-93B4-4360-8E62-65E2451ABF08}.Debug|Any CPU.ActiveCfg = Debug|Any CPU
		{C90CED0F-93B4-4360-8E62-65E2451ABF08}.Debug|Any CPU.Build.0 = Debug|Any CPU
		{C90CED0F-93B4-4360-8E62-65E2451ABF08}.Release|Any CPU.ActiveCfg = Release|Any CPU
		{C90CED0F-93B4-4360-8E62-65E2451ABF08}.Release|Any CPU.Build.0 = Release|Any CPU
		{94EB2E5F-08DC-43A2-A253-D4DF63EE3A6F}.Debug|Any CPU.ActiveCfg = Debug|Any CPU
		{94EB2E5F-08DC-43A2-A253-D4DF63EE3A6F}.Debug|Any CPU.Build.0 = Debug|Any CPU
		{94EB2E5F-08DC-43A2-A253-D4DF63EE3A6F}.Release|Any CPU.ActiveCfg = Release|Any CPU
		{94EB2E5F-08DC-43A2-A253-D4DF63EE3A6F}.Release|Any CPU.Build.0 = Release|Any CPU
		{011C5588-9558-4379-8F9C-54945985C5DC}.Debug|Any CPU.ActiveCfg = Debug|Any CPU
		{011C5588-9558-4379-8F9C-54945985C5DC}.Debug|Any CPU.Build.0 = Debug|Any CPU
		{011C5588-9558-4379-8F9C-54945985C5DC}.Release|Any CPU.ActiveCfg = Release|Any CPU
		{011C5588-9558-4379-8F9C-54945985C5DC}.Release|Any CPU.Build.0 = Release|Any CPU
		{318F0426-FB01-4388-BCB5-BADA3E12A63F}.Debug|Any CPU.ActiveCfg = Debug|Any CPU
		{318F0426-FB01-4388-BCB5-BADA3E12A63F}.Debug|Any CPU.Build.0 = Debug|Any CPU
		{318F0426-FB01-4388-BCB5-BADA3E12A63F}.Release|Any CPU.ActiveCfg = Release|Any CPU
		{318F0426-FB01-4388-BCB5-BADA3E12A63F}.Release|Any CPU.Build.0 = Release|Any CPU
		{AFEDB0C5-CB01-4ED0-BD4D-777324B68A23}.Debug|Any CPU.ActiveCfg = Debug|Any CPU
		{AFEDB0C5-CB01-4ED0-BD4D-777324B68A23}.Debug|Any CPU.Build.0 = Debug|Any CPU
		{AFEDB0C5-CB01-4ED0-BD4D-777324B68A23}.Release|Any CPU.ActiveCfg = Release|Any CPU
		{AFEDB0C5-CB01-4ED0-BD4D-777324B68A23}.Release|Any CPU.Build.0 = Release|Any CPU
		{9730C3FE-C779-4264-AE6A-CF1E72C5B6C7}.Debug|Any CPU.ActiveCfg = Debug|Any CPU
		{9730C3FE-C779-4264-AE6A-CF1E72C5B6C7}.Debug|Any CPU.Build.0 = Debug|Any CPU
		{9730C3FE-C779-4264-AE6A-CF1E72C5B6C7}.Release|Any CPU.ActiveCfg = Release|Any CPU
		{9730C3FE-C779-4264-AE6A-CF1E72C5B6C7}.Release|Any CPU.Build.0 = Release|Any CPU
		{59D03DB0-9003-4718-BE72-218F41DCDE0A}.Debug|Any CPU.ActiveCfg = Debug|Any CPU
		{59D03DB0-9003-4718-BE72-218F41DCDE0A}.Debug|Any CPU.Build.0 = Debug|Any CPU
		{59D03DB0-9003-4718-BE72-218F41DCDE0A}.Release|Any CPU.ActiveCfg = Release|Any CPU
		{59D03DB0-9003-4718-BE72-218F41DCDE0A}.Release|Any CPU.Build.0 = Release|Any CPU
	EndGlobalSection
	GlobalSection(SolutionProperties) = preSolution
		HideSolutionNode = FALSE
	EndGlobalSection
	GlobalSection(NestedProjects) = preSolution
		{294B320C-E63F-4B39-AD29-5399067CF5D0} = {FD86DBB4-B50C-4950-B73B-2A295F2AF667}
		{C90CED0F-93B4-4360-8E62-65E2451ABF08} = {524DFD14-B366-4F07-A521-844EDB2435BD}
		{94EB2E5F-08DC-43A2-A253-D4DF63EE3A6F} = {E7BEBB17-23D1-4C44-B915-25D9C6D14E13}
		{011C5588-9558-4379-8F9C-54945985C5DC} = {E7BEBB17-23D1-4C44-B915-25D9C6D14E13}
		{318F0426-FB01-4388-BCB5-BADA3E12A63F} = {7B6CBE5D-E28D-4CB8-8C68-6E04CD9A4895}
		{AFEDB0C5-CB01-4ED0-BD4D-777324B68A23} = {294B320C-E63F-4B39-AD29-5399067CF5D0}
		{9730C3FE-C779-4264-AE6A-CF1E72C5B6C7} = {FD86DBB4-B50C-4950-B73B-2A295F2AF667}
		{59D03DB0-9003-4718-BE72-218F41DCDE0A} = {FD86DBB4-B50C-4950-B73B-2A295F2AF667}
	EndGlobalSection
	GlobalSection(ExtensibilityGlobals) = postSolution
		SolutionGuid = {8DB1D016-D3B2-4E36-A816-C0A2E0724EBB}
	EndGlobalSection
EndGlobal
